
Microsoft Visual Studio Solution File, Format Version 12.00
# Visual Studio Version 16
VisualStudioVersion = 16.0.30413.136
MinimumVisualStudioVersion = 10.0.40219.1
Project("{9A19103F-16F7-4668-BE54-9A1E7A4F7556}") = "SimpleSN", "SimpleSN\SimpleSN.csproj", "{C5591EB9-E40B-4630-B7B2-CD04B6DB5A23}"
EndProject
Project("{9A19103F-16F7-4668-BE54-9A1E7A4F7556}") = "SimpleSN.GUI", "SimpleSN.GUI\SimpleSN.GUI.csproj", "{05E1EBA5-81D2-47D5-AD50-1563D1C6E995}"
EndProject
Project("{9A19103F-16F7-4668-BE54-9A1E7A4F7556}") = "SimpleSN.Core", "SimpleSN.Core\SimpleSN.Core.csproj", "{EA25EA2F-A798-4023-855E-D48D0548F2E7}"
EndProject
Project("{FAE04EC0-301F-11D3-BF4B-00C04F79EFBC}") = "SimpleGA.GUI", "SimpleGA.GUI\SimpleGA.GUI.csproj", "{4789C68F-14BE-464A-8289-460F6F9A9319}"
EndProject
Project("{FAE04EC0-301F-11D3-BF4B-00C04F79EFBC}") = "SimpleGA.Core", "SimpleGA.Core\SimpleGA.Core.csproj", "{16E39563-1FC7-491B-A6F5-E0BBB2BD925C}"
EndProject
Global
	GlobalSection(SolutionConfigurationPlatforms) = preSolution
		Debug|Any CPU = Debug|Any CPU
		Release|Any CPU = Release|Any CPU
	EndGlobalSection
	GlobalSection(ProjectConfigurationPlatforms) = postSolution
		{C5591EB9-E40B-4630-B7B2-CD04B6DB5A23}.Debug|Any CPU.ActiveCfg = Debug|Any CPU
		{C5591EB9-E40B-4630-B7B2-CD04B6DB5A23}.Debug|Any CPU.Build.0 = Debug|Any CPU
		{C5591EB9-E40B-4630-B7B2-CD04B6DB5A23}.Release|Any CPU.ActiveCfg = Release|Any CPU
		{C5591EB9-E40B-4630-B7B2-CD04B6DB5A23}.Release|Any CPU.Build.0 = Release|Any CPU
		{05E1EBA5-81D2-47D5-AD50-1563D1C6E995}.Debug|Any CPU.ActiveCfg = Debug|Any CPU
		{05E1EBA5-81D2-47D5-AD50-1563D1C6E995}.Debug|Any CPU.Build.0 = Debug|Any CPU
		{05E1EBA5-81D2-47D5-AD50-1563D1C6E995}.Release|Any CPU.ActiveCfg = Release|Any CPU
		{05E1EBA5-81D2-47D5-AD50-1563D1C6E995}.Release|Any CPU.Build.0 = Release|Any CPU
		{EA25EA2F-A798-4023-855E-D48D0548F2E7}.Debug|Any CPU.ActiveCfg = Debug|Any CPU
		{EA25EA2F-A798-4023-855E-D48D0548F2E7}.Debug|Any CPU.Build.0 = Debug|Any CPU
		{EA25EA2F-A798-4023-855E-D48D0548F2E7}.Release|Any CPU.ActiveCfg = Release|Any CPU
		{EA25EA2F-A798-4023-855E-D48D0548F2E7}.Release|Any CPU.Build.0 = Release|Any CPU
		{4789C68F-14BE-464A-8289-460F6F9A9319}.Debug|Any CPU.ActiveCfg = Debug|Any CPU
		{4789C68F-14BE-464A-8289-460F6F9A9319}.Debug|Any CPU.Build.0 = Debug|Any CPU
		{4789C68F-14BE-464A-8289-460F6F9A9319}.Release|Any CPU.ActiveCfg = Release|Any CPU
		{4789C68F-14BE-464A-8289-460F6F9A9319}.Release|Any CPU.Build.0 = Release|Any CPU
		{16E39563-1FC7-491B-A6F5-E0BBB2BD925C}.Debug|Any CPU.ActiveCfg = Debug|Any CPU
		{16E39563-1FC7-491B-A6F5-E0BBB2BD925C}.Debug|Any CPU.Build.0 = Debug|Any CPU
		{16E39563-1FC7-491B-A6F5-E0BBB2BD925C}.Release|Any CPU.ActiveCfg = Release|Any CPU
		{16E39563-1FC7-491B-A6F5-E0BBB2BD925C}.Release|Any CPU.Build.0 = Release|Any CPU
	EndGlobalSection
	GlobalSection(SolutionProperties) = preSolution
		HideSolutionNode = FALSE
	EndGlobalSection
	GlobalSection(ExtensibilityGlobals) = postSolution
		SolutionGuid = {5A2FACB1-FA3E-4200-90C9-99AEF11090C4}
	EndGlobalSection
EndGlobal
