
Microsoft Visual Studio Solution File, Format Version 12.00
# Visual Studio Version 16
VisualStudioVersion = 16.0.30413.136
MinimumVisualStudioVersion = 10.0.40219.1
Project("{FAE04EC0-301F-11D3-BF4B-00C04F79EFBC}") = "SimpleSN", "SimpleSN\SimpleSN.csproj", "{C5591EB9-E40B-4630-B7B2-CD04B6DB5A23}"
EndProject
Global
	GlobalSection(SolutionConfigurationPlatforms) = preSolution
		Debug|Any CPU = Debug|Any CPU
		Release|Any CPU = Release|Any CPU
	EndGlobalSection
	GlobalSection(ProjectConfigurationPlatforms) = postSolution
		{C5591EB9-E40B-4630-B7B2-CD04B6DB5A23}.Debug|Any CPU.ActiveCfg = Debug|Any CPU
		{C5591EB9-E40B-4630-B7B2-CD04B6DB5A23}.Debug|Any CPU.Build.0 = Debug|Any CPU
		{C5591EB9-E40B-4630-B7B2-CD04B6DB5A23}.Release|Any CPU.ActiveCfg = Release|Any CPU
		{C5591EB9-E40B-4630-B7B2-CD04B6DB5A23}.Release|Any CPU.Build.0 = Release|Any CPU
	EndGlobalSection
	GlobalSection(SolutionProperties) = preSolution
		HideSolutionNode = FALSE
	EndGlobalSection
	GlobalSection(ExtensibilityGlobals) = postSolution
		SolutionGuid = {5A2FACB1-FA3E-4200-90C9-99AEF11090C4}
	EndGlobalSection
EndGlobal
